
Microsoft Visual Studio Solution File, Format Version 12.00
# Visual Studio Version 17
VisualStudioVersion = 17.4.33110.190
MinimumVisualStudioVersion = 10.0.40219.1
Project("{8BC9CEB8-8B4A-11D0-8D11-00A0C91BC942}") = "Lab8_HW", "Lab8_HW\Lab8_HW.vcxproj", "{314CA05B-C88D-48DE-A92F-B97D6C05DE58}"
EndProject
Global
	GlobalSection(SolutionConfigurationPlatforms) = preSolution
		Debug|x64 = Debug|x64
		Debug|x86 = Debug|x86
		Release|x64 = Release|x64
		Release|x86 = Release|x86
	EndGlobalSection
	GlobalSection(ProjectConfigurationPlatforms) = postSolution
		{314CA05B-C88D-48DE-A92F-B97D6C05DE58}.Debug|x64.ActiveCfg = Debug|x64
		{314CA05B-C88D-48DE-A92F-B97D6C05DE58}.Debug|x64.Build.0 = Debug|x64
		{314CA05B-C88D-48DE-A92F-B97D6C05DE58}.Debug|x86.ActiveCfg = Debug|Win32
		{314CA05B-C88D-48DE-A92F-B97D6C05DE58}.Debug|x86.Build.0 = Debug|Win32
		{314CA05B-C88D-48DE-A92F-B97D6C05DE58}.Release|x64.ActiveCfg = Release|x64
		{314CA05B-C88D-48DE-A92F-B97D6C05DE58}.Release|x64.Build.0 = Release|x64
		{314CA05B-C88D-48DE-A92F-B97D6C05DE58}.Release|x86.ActiveCfg = Release|Win32
		{314CA05B-C88D-48DE-A92F-B97D6C05DE58}.Release|x86.Build.0 = Release|Win32
	EndGlobalSection
	GlobalSection(SolutionProperties) = preSolution
		HideSolutionNode = FALSE
	EndGlobalSection
	GlobalSection(ExtensibilityGlobals) = postSolution
		SolutionGuid = {D869AF07-79BA-4E6F-88AB-D9F3167D546F}
	EndGlobalSection
EndGlobal
