
Microsoft Visual Studio Solution File, Format Version 12.00
# Visual Studio Version 17
VisualStudioVersion = 17.4.33110.190
MinimumVisualStudioVersion = 10.0.40219.1
Project("{8BC9CEB8-8B4A-11D0-8D11-00A0C91BC942}") = "Lab7_HW", "Lab7_HW\Lab7_HW.vcxproj", "{91B4F2DD-E1E1-4D35-B96A-D3925B4878FE}"
EndProject
Global
	GlobalSection(SolutionConfigurationPlatforms) = preSolution
		Debug|x64 = Debug|x64
		Debug|x86 = Debug|x86
		Release|x64 = Release|x64
		Release|x86 = Release|x86
	EndGlobalSection
	GlobalSection(ProjectConfigurationPlatforms) = postSolution
		{91B4F2DD-E1E1-4D35-B96A-D3925B4878FE}.Debug|x64.ActiveCfg = Debug|x64
		{91B4F2DD-E1E1-4D35-B96A-D3925B4878FE}.Debug|x64.Build.0 = Debug|x64
		{91B4F2DD-E1E1-4D35-B96A-D3925B4878FE}.Debug|x86.ActiveCfg = Debug|Win32
		{91B4F2DD-E1E1-4D35-B96A-D3925B4878FE}.Debug|x86.Build.0 = Debug|Win32
		{91B4F2DD-E1E1-4D35-B96A-D3925B4878FE}.Release|x64.ActiveCfg = Release|x64
		{91B4F2DD-E1E1-4D35-B96A-D3925B4878FE}.Release|x64.Build.0 = Release|x64
		{91B4F2DD-E1E1-4D35-B96A-D3925B4878FE}.Release|x86.ActiveCfg = Release|Win32
		{91B4F2DD-E1E1-4D35-B96A-D3925B4878FE}.Release|x86.Build.0 = Release|Win32
	EndGlobalSection
	GlobalSection(SolutionProperties) = preSolution
		HideSolutionNode = FALSE
	EndGlobalSection
	GlobalSection(ExtensibilityGlobals) = postSolution
		SolutionGuid = {A4584994-F168-4FEA-9E01-F36C5B9E14AA}
	EndGlobalSection
EndGlobal
